{
  "nodes": {
    "agenix": {
      "inputs": {
        "darwin": "darwin",
        "home-manager": [
          "home-manager"
        ],
        "nixpkgs": [
          "nixpkgs"
        ],
        "systems": "systems"
      },
      "locked": {
        "lastModified": 1703433843,
        "narHash": "sha256-nmtA4KqFboWxxoOAA6Y1okHbZh+HsXaMPFkYHsoDRDw=",
        "owner": "ryantm",
        "repo": "agenix",
        "rev": "417caa847f9383e111d1397039c9d4337d024bf0",
        "type": "github"
      },
      "original": {
        "owner": "ryantm",
        "repo": "agenix",
        "type": "github"
      }
    },
    "darwin": {
      "inputs": {
        "nixpkgs": [
          "agenix",
          "nixpkgs"
        ]
      },
      "locked": {
        "lastModified": 1700795494,
        "narHash": "sha256-gzGLZSiOhf155FW7262kdHo2YDeugp3VuIFb4/GGng0=",
        "owner": "lnl7",
        "repo": "nix-darwin",
        "rev": "4b9b83d5a92e8c1fbfd8eb27eda375908c11ec4d",
        "type": "github"
      },
      "original": {
        "owner": "lnl7",
        "ref": "master",
        "repo": "nix-darwin",
        "type": "github"
      }
    },
    "deploy-rs": {
      "inputs": {
        "flake-compat": "flake-compat",
        "nixpkgs": [
          "nixpkgs"
        ],
        "utils": [
          "flake-utils"
        ]
      },
      "locked": {
        "lastModified": 1703087360,
        "narHash": "sha256-0VUbWBW8VyiDRuimMuLsEO4elGuUw/nc2WDeuO1eN1M=",
        "owner": "serokell",
        "repo": "deploy-rs",
        "rev": "b709d63debafce9f5645a5ba550c9e0983b3d1f7",
        "type": "github"
      },
      "original": {
        "owner": "serokell",
        "repo": "deploy-rs",
        "type": "github"
      }
    },
    "disko": {
      "inputs": {
        "nixpkgs": [
          "nixpkgs"
        ]
      },
      "locked": {
        "lastModified": 1703726296,
        "narHash": "sha256-l/fQEjR3wAEEu1jcZWLq60BSo0r6cXspGLar+pkKZ2M=",
        "owner": "nix-community",
        "repo": "disko",
        "rev": "0ce1b15b99ac7c280384f136eae00b968f5b3f72",
        "type": "github"
      },
      "original": {
        "owner": "nix-community",
        "repo": "disko",
        "type": "github"
      }
    },
    "emacs-overlay": {
      "inputs": {
        "flake-utils": [
          "flake-utils"
        ],
        "nixpkgs": [
          "nixpkgs"
        ],
        "nixpkgs-stable": "nixpkgs-stable"
      },
      "locked": {
        "lastModified": 1703810938,
        "narHash": "sha256-x2Cg5mdW1CvQV7p6TPlbaN1ZVgpk2Ff3utEwhg109ng=",
        "owner": "nix-community",
        "repo": "emacs-overlay",
        "rev": "a99d70addcc094dfb2c93d74073850c11c0b5a7f",
        "type": "github"
      },
      "original": {
        "id": "emacs-overlay",
        "type": "indirect"
      }
    },
    "flake-compat": {
      "flake": false,
      "locked": {
        "lastModified": 1696426674,
        "narHash": "sha256-kvjfFW7WAETZlt09AgDn1MrtKzP7t90Vf7vypd3OL1U=",
        "owner": "edolstra",
        "repo": "flake-compat",
        "rev": "0f9255e01c2351cc7d116c072cb317785dd33b33",
        "type": "github"
      },
      "original": {
        "owner": "edolstra",
        "repo": "flake-compat",
        "type": "github"
      }
    },
    "flake-utils": {
      "inputs": {
        "systems": "systems_2"
      },
      "locked": {
        "lastModified": 1701680307,
        "narHash": "sha256-kAuep2h5ajznlPMD9rnQyffWG8EM/C73lejGofXvdM8=",
        "owner": "numtide",
        "repo": "flake-utils",
        "rev": "4022d587cbbfd70fe950c1e2083a02621806a725",
        "type": "github"
      },
      "original": {
        "id": "flake-utils",
        "type": "indirect"
      }
    },
    "flummbot": {
      "inputs": {
        "flake-utils": [
          "flake-utils"
        ],
        "nixpkgs": [
          "nixpkgs"
        ]
      },
      "locked": {
        "lastModified": 1701843030,
        "narHash": "sha256-jgukRLBGYYlqzccliekKJwygnsuIF+ZLCetsiDSGmjE=",
        "owner": "etu",
        "repo": "flummbot",
        "rev": "3f62696f80090fea58e7ccdc7a988f99b16680aa",
        "type": "github"
      },
      "original": {
        "owner": "etu",
        "repo": "flummbot",
        "type": "github"
      }
    },
    "home-manager": {
      "inputs": {
        "nixpkgs": [
          "nixpkgs"
        ]
      },
      "locked": {
        "lastModified": 1703808179,
        "narHash": "sha256-svlFDbozZlZJwnnSoeh5yE9jEnCmgmuRMRX866CL4J0=",
        "owner": "nix-community",
        "repo": "home-manager",
        "rev": "77c698fa4b3081b6019ad77d1bfedf06dbbde0db",
        "type": "github"
      },
      "original": {
        "id": "home-manager",
        "type": "indirect"
      }
    },
    "impermanence": {
      "locked": {
        "lastModified": 1703656108,
        "narHash": "sha256-hCSUqdFJKHHbER8Cenf5JRzjMlBjIdwdftGQsO0xoJs=",
        "owner": "nix-community",
        "repo": "impermanence",
        "rev": "033643a45a4a920660ef91caa391fbffb14da466",
        "type": "github"
      },
      "original": {
        "owner": "nix-community",
        "repo": "impermanence",
        "type": "github"
      }
    },
    "ip-failar-nu": {
      "inputs": {
        "flake-utils": [
          "flake-utils"
        ],
        "nixpkgs": [
          "nixpkgs"
        ]
      },
      "locked": {
        "lastModified": 1674678885,
        "narHash": "sha256-18qTNeuMAQG5tfu8OaaFdp/d1OH/cIkjLhpjEpqK4w0=",
        "owner": "etu",
        "repo": "ip.failar.nu",
        "rev": "b1b19b0c891c6d52e7aea2bccb5dbb7956c75c00",
        "type": "github"
      },
      "original": {
        "owner": "etu",
        "repo": "ip.failar.nu",
        "type": "github"
      }
    },
    "nixos-hardware": {
      "locked": {
        "lastModified": 1703545041,
        "narHash": "sha256-nvQA+k1rSszrf4kA4eK2i/SGbzoXyoKHzzyzq/Jca1w=",
        "owner": "NixOS",
        "repo": "nixos-hardware",
        "rev": "a15b6e525f5737a47b4ce28445c836996fb2ea8c",
        "type": "github"
      },
      "original": {
        "id": "nixos-hardware",
        "type": "indirect"
      }
    },
    "nixpkgs": {
      "locked": {
        "lastModified": 1703438236,
        "narHash": "sha256-aqVBq1u09yFhL7bj1/xyUeJjzr92fXVvQSSEx6AdB1M=",
        "owner": "NixOS",
        "repo": "nixpkgs",
        "rev": "5f64a12a728902226210bf01d25ec6cbb9d9265b",
        "type": "github"
      },
      "original": {
        "owner": "NixOS",
        "ref": "nixos-unstable",
        "repo": "nixpkgs",
        "type": "github"
      }
    },
    "nixpkgs-22-11": {
      "locked": {
        "lastModified": 1688392541,
        "narHash": "sha256-lHrKvEkCPTUO+7tPfjIcb7Trk6k31rz18vkyqmkeJfY=",
        "owner": "NixOS",
        "repo": "nixpkgs",
        "rev": "ea4c80b39be4c09702b0cb3b42eab59e2ba4f24b",
        "type": "github"
      },
      "original": {
        "owner": "NixOS",
        "ref": "nixos-22.11",
        "repo": "nixpkgs",
        "type": "github"
      }
    },
    "nixpkgs-stable": {
      "locked": {
        "lastModified": 1703467016,
        "narHash": "sha256-/5A/dNPhbQx/Oa2d+Get174eNI3LERQ7u6WTWOlR1eQ=",
        "owner": "NixOS",
        "repo": "nixpkgs",
        "rev": "d02d818f22c777aa4e854efc3242ec451e5d462a",
        "type": "github"
      },
      "original": {
        "owner": "NixOS",
        "ref": "nixos-23.11",
        "repo": "nixpkgs",
        "type": "github"
      }
    },
    "nur": {
      "locked": {
        "lastModified": 1703816584,
        "narHash": "sha256-QCngB8GwFdF129BJLnyTeZChQte+aW5XHYYvBDhxXJI=",
        "owner": "nix-community",
        "repo": "NUR",
        "rev": "d52a4f82a23f183e5a4262f2d1d06f709575b668",
        "type": "github"
      },
      "original": {
        "id": "nur",
        "type": "indirect"
      }
    },
    "root": {
      "inputs": {
        "agenix": "agenix",
        "deploy-rs": "deploy-rs",
        "disko": "disko",
        "emacs-overlay": "emacs-overlay",
        "flake-utils": "flake-utils",
        "flummbot": "flummbot",
        "home-manager": "home-manager",
        "impermanence": "impermanence",
        "ip-failar-nu": "ip-failar-nu",
        "nixos-hardware": "nixos-hardware",
        "nixpkgs": "nixpkgs",
        "nixpkgs-22-11": "nixpkgs-22-11",
        "nur": "nur"
      }
    },
    "systems": {
      "locked": {
        "lastModified": 1681028828,
        "narHash": "sha256-Vy1rq5AaRuLzOxct8nz4T6wlgyUR7zLU309k9mBC768=",
        "owner": "nix-systems",
        "repo": "default",
        "rev": "da67096a3b9bf56a91d16901293e51ba5b49a27e",
        "type": "github"
      },
      "original": {
        "owner": "nix-systems",
        "repo": "default",
        "type": "github"
      }
    },
    "systems_2": {
      "locked": {
        "lastModified": 1681028828,
        "narHash": "sha256-Vy1rq5AaRuLzOxct8nz4T6wlgyUR7zLU309k9mBC768=",
        "owner": "nix-systems",
        "repo": "default",
        "rev": "da67096a3b9bf56a91d16901293e51ba5b49a27e",
        "type": "github"
      },
      "original": {
        "owner": "nix-systems",
        "repo": "default",
        "type": "github"
      }
    }
  },
  "root": "root",
  "version": 7
}
